
Microsoft Visual Studio Solution File, Format Version 12.00
# Visual Studio Version 17
VisualStudioVersion = 17.14.36915.13 d17.14
MinimumVisualStudioVersion = 10.0.40219.1
Project("{FAE04EC0-301F-11D3-BF4B-00C04F79EFBC}") = "EfCoreLearning", "WebApplication1\EfCoreLearning.csproj", "{CDC9280C-9423-43A4-990F-B4D3612FFEF9}"
EndProject
Global
	GlobalSection(SolutionConfigurationPlatforms) = preSolution
		Debug|Any CPU = Debug|Any CPU
		Release|Any CPU = Release|Any CPU
	EndGlobalSection
	GlobalSection(ProjectConfigurationPlatforms) = postSolution
		{CDC9280C-9423-43A4-990F-B4D3612FFEF9}.Debug|Any CPU.ActiveCfg = Debug|Any CPU
		{CDC9280C-9423-43A4-990F-B4D3612FFEF9}.Debug|Any CPU.Build.0 = Debug|Any CPU
		{CDC9280C-9423-43A4-990F-B4D3612FFEF9}.Release|Any CPU.ActiveCfg = Release|Any CPU
		{CDC9280C-9423-43A4-990F-B4D3612FFEF9}.Release|Any CPU.Build.0 = Release|Any CPU
	EndGlobalSection
	GlobalSection(SolutionProperties) = preSolution
		HideSolutionNode = FALSE
	EndGlobalSection
	GlobalSection(ExtensibilityGlobals) = postSolution
		SolutionGuid = {1E9CEB84-653E-4211-BA43-72B2711B7559}
	EndGlobalSection
EndGlobal
